PODS:
  - AgoraRtcEngine_iOS (4.2.6):
    - AgoraRtcEngine_iOS/AIAEC (= 4.2.6)
    - AgoraRtcEngine_iOS/AINS (= 4.2.6)
    - AgoraRtcEngine_iOS/AudioBeauty (= 4.2.6)
    - AgoraRtcEngine_iOS/ClearVision (= 4.2.6)
    - AgoraRtcEngine_iOS/ContentInspect (= 4.2.6)
    - AgoraRtcEngine_iOS/DRM (= 4.2.6)
    - AgoraRtcEngine_iOS/FaceDetection (= 4.2.6)
    - AgoraRtcEngine_iOS/ReplayKit (= 4.2.6)
    - AgoraRtcEngine_iOS/RtcBasic (= 4.2.6)
    - AgoraRtcEngine_iOS/SpatialAudio (= 4.2.6)
    - AgoraRtcEngine_iOS/VideoCodecDec (= 4.2.6)
    - AgoraRtcEngine_iOS/VideoCodecEnc (= 4.2.6)
    - AgoraRtcEngine_iOS/VirtualBackground (= 4.2.6)
    - AgoraRtcEngine_iOS/VQA (= 4.2.6)
  - AgoraRtcEngine_iOS/AIAEC (4.2.6)
  - AgoraRtcEngine_iOS/AINS (4.2.6)
  - AgoraRtcEngine_iOS/AudioBeauty (4.2.6)
  - AgoraRtcEngine_iOS/ClearVision (4.2.6)
  - AgoraRtcEngine_iOS/ContentInspect (4.2.6)
  - AgoraRtcEngine_iOS/DRM (4.2.6)
  - AgoraRtcEngine_iOS/FaceDetection (4.2.6)
  - AgoraRtcEngine_iOS/ReplayKit (4.2.6)
  - AgoraRtcEngine_iOS/RtcBasic (4.2.6)
  - AgoraRtcEngine_iOS/SpatialAudio (4.2.6)
  - AgoraRtcEngine_iOS/VideoCodecDec (4.2.6)
  - AgoraRtcEngine_iOS/VideoCodecEnc (4.2.6)
  - AgoraRtcEngine_iOS/VirtualBackground (4.2.6)
  - AgoraRtcEngine_iOS/VQA (4.2.6)
  - XMagic (3.0.0.4)

DEPENDENCIES:
  - AgoraRtcEngine_iOS (= 4.2.6)
  - XMagic

SPEC REPOS:
  trunk:
    - AgoraRtcEngine_iOS
    - XMagic

SPEC CHECKSUMS:
  AgoraRtcEngine_iOS: ac647332ad8f86d79cf810601c9e62b28c3a4de0
  XMagic: a7be3c2547768561ae9ca2fa20e5bf2575154f64

PODFILE CHECKSUM: 59dc6684e67c877fe6f01a9af36c62f47bfa6570

COCOAPODS: 1.11.3
